
Microsoft Visual Studio Solution File, Format Version 12.00
# Visual Studio Version 16
VisualStudioVersion = 16.0.29728.190
MinimumVisualStudioVersion = 10.0.40219.1
Project("{FAE04EC0-301F-11D3-BF4B-00C04F79EFBC}") = "YouTubeCodeGen.CodeGenerator", "src\YouTubeCodeGen.CodeGenerator\YouTubeCodeGen.CodeGenerator.csproj", "{5042ADBE-E00A-4678-9103-4D53A03B3DF5}"
EndProject
Project("{FAE04EC0-301F-11D3-BF4B-00C04F79EFBC}") = "YouTubeCodeGen.TheApp", "src\YouTubeCodeGen.TheApp\YouTubeCodeGen.TheApp.csproj", "{B4BDFC28-E138-423A-8961-919888846693}"
EndProject
Global
	GlobalSection(SolutionConfigurationPlatforms) = preSolution
		Debug|Any CPU = Debug|Any CPU
		Release|Any CPU = Release|Any CPU
	EndGlobalSection
	GlobalSection(ProjectConfigurationPlatforms) = postSolution
		{5042ADBE-E00A-4678-9103-4D53A03B3DF5}.Debug|Any CPU.ActiveCfg = Debug|Any CPU
		{5042ADBE-E00A-4678-9103-4D53A03B3DF5}.Debug|Any CPU.Build.0 = Debug|Any CPU
		{5042ADBE-E00A-4678-9103-4D53A03B3DF5}.Release|Any CPU.ActiveCfg = Release|Any CPU
		{5042ADBE-E00A-4678-9103-4D53A03B3DF5}.Release|Any CPU.Build.0 = Release|Any CPU
		{B4BDFC28-E138-423A-8961-919888846693}.Debug|Any CPU.ActiveCfg = Debug|Any CPU
		{B4BDFC28-E138-423A-8961-919888846693}.Debug|Any CPU.Build.0 = Debug|Any CPU
		{B4BDFC28-E138-423A-8961-919888846693}.Release|Any CPU.ActiveCfg = Release|Any CPU
		{B4BDFC28-E138-423A-8961-919888846693}.Release|Any CPU.Build.0 = Release|Any CPU
	EndGlobalSection
	GlobalSection(SolutionProperties) = preSolution
		HideSolutionNode = FALSE
	EndGlobalSection
	GlobalSection(ExtensibilityGlobals) = postSolution
		SolutionGuid = {68522CA8-CB3C-4A2C-8AD8-B941D54E7C57}
	EndGlobalSection
EndGlobal
